
Microsoft Visual Studio Solution File, Format Version 12.00
# Visual Studio 15
VisualStudioVersion = 15.0.27130.2036
MinimumVisualStudioVersion = 10.0.40219.1
Project("{FAE04EC0-301F-11D3-BF4B-00C04F79EFBC}") = "StringsNumbersAndCalculation", "StringsNumbersAndCalculation\StringsNumbersAndCalculation.csproj", "{81B3966C-3CFC-4AC7-94C7-63613696BFBA}"
EndProject
Global
	GlobalSection(SolutionConfigurationPlatforms) = preSolution
		Debug|Any CPU = Debug|Any CPU
		Release|Any CPU = Release|Any CPU
	EndGlobalSection
	GlobalSection(ProjectConfigurationPlatforms) = postSolution
		{81B3966C-3CFC-4AC7-94C7-63613696BFBA}.Debug|Any CPU.ActiveCfg = Debug|Any CPU
		{81B3966C-3CFC-4AC7-94C7-63613696BFBA}.Debug|Any CPU.Build.0 = Debug|Any CPU
		{81B3966C-3CFC-4AC7-94C7-63613696BFBA}.Release|Any CPU.ActiveCfg = Release|Any CPU
		{81B3966C-3CFC-4AC7-94C7-63613696BFBA}.Release|Any CPU.Build.0 = Release|Any CPU
	EndGlobalSection
	GlobalSection(SolutionProperties) = preSolution
		HideSolutionNode = FALSE
	EndGlobalSection
	GlobalSection(ExtensibilityGlobals) = postSolution
		SolutionGuid = {C021FAC1-76D6-4C18-B284-294B4151B4FF}
	EndGlobalSection
EndGlobal
